
Microsoft Visual Studio Solution File, Format Version 12.00
# Visual Studio Version 17
VisualStudioVersion = 17.14.36623.8 d17.14
MinimumVisualStudioVersion = 10.0.40219.1
Project("{FAE04EC0-301F-11D3-BF4B-00C04F79EFBC}") = "App.e-Ticaret", "App.e-Ticaret\App.e-Ticaret.csproj", "{91040C9B-BBD5-4F66-B213-4DE52C7A6DED}"
EndProject
Global
	GlobalSection(SolutionConfigurationPlatforms) = preSolution
		Debug|Any CPU = Debug|Any CPU
		Release|Any CPU = Release|Any CPU
	EndGlobalSection
	GlobalSection(ProjectConfigurationPlatforms) = postSolution
		{91040C9B-BBD5-4F66-B213-4DE52C7A6DED}.Debug|Any CPU.ActiveCfg = Debug|Any CPU
		{91040C9B-BBD5-4F66-B213-4DE52C7A6DED}.Debug|Any CPU.Build.0 = Debug|Any CPU
		{91040C9B-BBD5-4F66-B213-4DE52C7A6DED}.Release|Any CPU.ActiveCfg = Release|Any CPU
		{91040C9B-BBD5-4F66-B213-4DE52C7A6DED}.Release|Any CPU.Build.0 = Release|Any CPU
	EndGlobalSection
	GlobalSection(SolutionProperties) = preSolution
		HideSolutionNode = FALSE
	EndGlobalSection
	GlobalSection(ExtensibilityGlobals) = postSolution
		SolutionGuid = {347EBC00-9F1D-4C3C-830B-B03F76FAC3B8}
	EndGlobalSection
EndGlobal
